
Microsoft Visual Studio Solution File, Format Version 12.00
# Visual Studio Version 17
VisualStudioVersion = 17.1.32421.90
MinimumVisualStudioVersion = 10.0.40219.1
Project("{FAE04EC0-301F-11D3-BF4B-00C04F79EFBC}") = "AdventReader", "AdventReader\AdventReader.csproj", "{CD618192-A92D-4423-AC0C-370374D9478C}"
EndProject
Global
	GlobalSection(SolutionConfigurationPlatforms) = preSolution
		Debug|Any CPU = Debug|Any CPU
		Release|Any CPU = Release|Any CPU
	EndGlobalSection
	GlobalSection(ProjectConfigurationPlatforms) = postSolution
		{CD618192-A92D-4423-AC0C-370374D9478C}.Debug|Any CPU.ActiveCfg = Debug|Any CPU
		{CD618192-A92D-4423-AC0C-370374D9478C}.Debug|Any CPU.Build.0 = Debug|Any CPU
		{CD618192-A92D-4423-AC0C-370374D9478C}.Release|Any CPU.ActiveCfg = Release|Any CPU
		{CD618192-A92D-4423-AC0C-370374D9478C}.Release|Any CPU.Build.0 = Release|Any CPU
	EndGlobalSection
	GlobalSection(SolutionProperties) = preSolution
		HideSolutionNode = FALSE
	EndGlobalSection
	GlobalSection(ExtensibilityGlobals) = postSolution
		SolutionGuid = {8440A69C-6117-49B1-83D1-F7CF6A61DA3A}
	EndGlobalSection
EndGlobal
