
Microsoft Visual Studio Solution File, Format Version 12.00
# Visual Studio Version 17
VisualStudioVersion = 17.1.32421.90
MinimumVisualStudioVersion = 10.0.40219.1
Project("{9A19103F-16F7-4668-BE54-9A1E7A4F7556}") = "01", "01\01.csproj", "{8139C52E-BA1B-49E9-94DA-3FFAEC972B4B}"
EndProject
Project("{9A19103F-16F7-4668-BE54-9A1E7A4F7556}") = "AdventReader", "..\AdventReader\AdventReader.csproj", "{AB77D875-A0DE-4D8C-B072-F8C462A65682}"
EndProject
Project("{FAE04EC0-301F-11D3-BF4B-00C04F79EFBC}") = "02", "02\02.csproj", "{0B888A72-A8B3-4CEC-8F43-DE7CC4EC05C3}"
EndProject
Project("{FAE04EC0-301F-11D3-BF4B-00C04F79EFBC}") = "03", "03\03.csproj", "{0B4EDBC8-4928-410C-B069-9932385A2A8A}"
EndProject
Project("{FAE04EC0-301F-11D3-BF4B-00C04F79EFBC}") = "04", "04\04.csproj", "{EC909F6C-4526-4458-8AFF-44ECF4589269}"
EndProject
Project("{FAE04EC0-301F-11D3-BF4B-00C04F79EFBC}") = "05", "05\05.csproj", "{B0538973-7142-46DD-BB81-A52B8F9ACDC0}"
EndProject
Project("{FAE04EC0-301F-11D3-BF4B-00C04F79EFBC}") = "AdventExtensions", "AdventExtensions\AdventExtensions.csproj", "{F4F417DB-27B7-4049-B504-1F2AAB0B8DEB}"
EndProject
Project("{FAE04EC0-301F-11D3-BF4B-00C04F79EFBC}") = "06", "06\06.csproj", "{C0101C25-7816-4285-92D4-3468C8FDBB62}"
EndProject
Global
	GlobalSection(SolutionConfigurationPlatforms) = preSolution
		Debug|Any CPU = Debug|Any CPU
		Release|Any CPU = Release|Any CPU
	EndGlobalSection
	GlobalSection(ProjectConfigurationPlatforms) = postSolution
		{8139C52E-BA1B-49E9-94DA-3FFAEC972B4B}.Debug|Any CPU.ActiveCfg = Debug|Any CPU
		{8139C52E-BA1B-49E9-94DA-3FFAEC972B4B}.Debug|Any CPU.Build.0 = Debug|Any CPU
		{8139C52E-BA1B-49E9-94DA-3FFAEC972B4B}.Release|Any CPU.ActiveCfg = Release|Any CPU
		{8139C52E-BA1B-49E9-94DA-3FFAEC972B4B}.Release|Any CPU.Build.0 = Release|Any CPU
		{AB77D875-A0DE-4D8C-B072-F8C462A65682}.Debug|Any CPU.ActiveCfg = Debug|Any CPU
		{AB77D875-A0DE-4D8C-B072-F8C462A65682}.Debug|Any CPU.Build.0 = Debug|Any CPU
		{AB77D875-A0DE-4D8C-B072-F8C462A65682}.Release|Any CPU.ActiveCfg = Release|Any CPU
		{AB77D875-A0DE-4D8C-B072-F8C462A65682}.Release|Any CPU.Build.0 = Release|Any CPU
		{0B888A72-A8B3-4CEC-8F43-DE7CC4EC05C3}.Debug|Any CPU.ActiveCfg = Debug|Any CPU
		{0B888A72-A8B3-4CEC-8F43-DE7CC4EC05C3}.Debug|Any CPU.Build.0 = Debug|Any CPU
		{0B888A72-A8B3-4CEC-8F43-DE7CC4EC05C3}.Release|Any CPU.ActiveCfg = Release|Any CPU
		{0B888A72-A8B3-4CEC-8F43-DE7CC4EC05C3}.Release|Any CPU.Build.0 = Release|Any CPU
		{0B4EDBC8-4928-410C-B069-9932385A2A8A}.Debug|Any CPU.ActiveCfg = Debug|Any CPU
		{0B4EDBC8-4928-410C-B069-9932385A2A8A}.Debug|Any CPU.Build.0 = Debug|Any CPU
		{0B4EDBC8-4928-410C-B069-9932385A2A8A}.Release|Any CPU.ActiveCfg = Release|Any CPU
		{0B4EDBC8-4928-410C-B069-9932385A2A8A}.Release|Any CPU.Build.0 = Release|Any CPU
		{EC909F6C-4526-4458-8AFF-44ECF4589269}.Debug|Any CPU.ActiveCfg = Debug|Any CPU
		{EC909F6C-4526-4458-8AFF-44ECF4589269}.Debug|Any CPU.Build.0 = Debug|Any CPU
		{EC909F6C-4526-4458-8AFF-44ECF4589269}.Release|Any CPU.ActiveCfg = Release|Any CPU
		{EC909F6C-4526-4458-8AFF-44ECF4589269}.Release|Any CPU.Build.0 = Release|Any CPU
		{B0538973-7142-46DD-BB81-A52B8F9ACDC0}.Debug|Any CPU.ActiveCfg = Debug|Any CPU
		{B0538973-7142-46DD-BB81-A52B8F9ACDC0}.Debug|Any CPU.Build.0 = Debug|Any CPU
		{B0538973-7142-46DD-BB81-A52B8F9ACDC0}.Release|Any CPU.ActiveCfg = Release|Any CPU
		{B0538973-7142-46DD-BB81-A52B8F9ACDC0}.Release|Any CPU.Build.0 = Release|Any CPU
		{F4F417DB-27B7-4049-B504-1F2AAB0B8DEB}.Debug|Any CPU.ActiveCfg = Debug|Any CPU
		{F4F417DB-27B7-4049-B504-1F2AAB0B8DEB}.Debug|Any CPU.Build.0 = Debug|Any CPU
		{F4F417DB-27B7-4049-B504-1F2AAB0B8DEB}.Release|Any CPU.ActiveCfg = Release|Any CPU
		{F4F417DB-27B7-4049-B504-1F2AAB0B8DEB}.Release|Any CPU.Build.0 = Release|Any CPU
		{C0101C25-7816-4285-92D4-3468C8FDBB62}.Debug|Any CPU.ActiveCfg = Debug|Any CPU
		{C0101C25-7816-4285-92D4-3468C8FDBB62}.Debug|Any CPU.Build.0 = Debug|Any CPU
		{C0101C25-7816-4285-92D4-3468C8FDBB62}.Release|Any CPU.ActiveCfg = Release|Any CPU
		{C0101C25-7816-4285-92D4-3468C8FDBB62}.Release|Any CPU.Build.0 = Release|Any CPU
	EndGlobalSection
	GlobalSection(SolutionProperties) = preSolution
		HideSolutionNode = FALSE
	EndGlobalSection
	GlobalSection(ExtensibilityGlobals) = postSolution
		SolutionGuid = {EDB386E0-D93F-4617-B59A-CAB0F0D2C861}
	EndGlobalSection
EndGlobal
